// !$*UTF8*$!
{
	archiveVersion = 1;
	classes = {
	};
	objectVersion = 56;
	objects = {

/* Begin PBXBuildFile section */
		760CE8BA2AD7439900F3749D /* Chiko_LiruApp.swift in Sources */ = {isa = PBXBuildFile; fileRef = 760CE8B92AD7439900F3749D /* Chiko_LiruApp.swift */; };
		760CE8BC2AD7439900F3749D /* ContentView.swift in Sources */ = {isa = PBXBuildFile; fileRef = 760CE8BB2AD7439900F3749D /* ContentView.swift */; };
		760CE8BE2AD7439B00F3749D /* Assets.xcassets in Resources */ = {isa = PBXBuildFile; fileRef = 760CE8BD2AD7439B00F3749D /* Assets.xcassets */; };
		760CE8C12AD7439B00F3749D /* Preview Assets.xcassets in Resources */ = {isa = PBXBuildFile; fileRef = 760CE8C02AD7439B00F3749D /* Preview Assets.xcassets */; };
		760CE8C92AD743DC00F3749D /* GameScene.swift in Sources */ = {isa = PBXBuildFile; fileRef = 760CE8C82AD743DC00F3749D /* GameScene.swift */; };
		760CE8EE2ADDBBAC00F3749D /* SKTexture+Array.swift in Sources */ = {isa = PBXBuildFile; fileRef = 760CE8ED2ADDBBAC00F3749D /* SKTexture+Array.swift */; };
		760CE8F22ADDBE0500F3749D /* SKEntityManager.swift in Sources */ = {isa = PBXBuildFile; fileRef = 760CE8F12ADDBE0500F3749D /* SKEntityManager.swift */; };
		760CE8F42ADDBEFD00F3749D /* PlayerEntity.swift in Sources */ = {isa = PBXBuildFile; fileRef = 760CE8F32ADDBEFD00F3749D /* PlayerEntity.swift */; };
		760CE8F72ADDC01D00F3749D /* Player Animation States.swift in Sources */ = {isa = PBXBuildFile; fileRef = 760CE8F62ADDC01C00F3749D /* Player Animation States.swift */; };
		760CE8F92ADDC12900F3749D /* StateMachineComponent.swift in Sources */ = {isa = PBXBuildFile; fileRef = 760CE8F82ADDC12900F3749D /* StateMachineComponent.swift */; };
		760CE8FB2ADDC1D600F3749D /* PhysicsComponent.swift in Sources */ = {isa = PBXBuildFile; fileRef = 760CE8FA2ADDC1D600F3749D /* PhysicsComponent.swift */; };
		760CE8FD2ADDC28C00F3749D /* JumpComponent.swift in Sources */ = {isa = PBXBuildFile; fileRef = 760CE8FC2ADDC28C00F3749D /* JumpComponent.swift */; };
		760CE8FF2ADDC38C00F3749D /* GroundEntity.swift in Sources */ = {isa = PBXBuildFile; fileRef = 760CE8FE2ADDC38C00F3749D /* GroundEntity.swift */; };
		760CE9042ADEA0C600F3749D /* PlayerInput.swift in Sources */ = {isa = PBXBuildFile; fileRef = 760CE9032ADEA0C600F3749D /* PlayerInput.swift */; };
		760CE9072ADEA14700F3749D /* ControlsView.swift in Sources */ = {isa = PBXBuildFile; fileRef = 760CE9062ADEA14700F3749D /* ControlsView.swift */; };
		760CE9092ADEA7F600F3749D /* InputButton.swift in Sources */ = {isa = PBXBuildFile; fileRef = 760CE9082ADEA7F600F3749D /* InputButton.swift */; };
		760CE90C2ADEAA0E00F3749D /* PressAction.swift in Sources */ = {isa = PBXBuildFile; fileRef = 760CE90B2ADEAA0E00F3749D /* PressAction.swift */; };
		760CE90E2ADEAB2400F3749D /* View+PressModifier.swift in Sources */ = {isa = PBXBuildFile; fileRef = 760CE90D2ADEAB2400F3749D /* View+PressModifier.swift */; };
		760CE9102ADEB0E600F3749D /* MovementComponent.swift in Sources */ = {isa = PBXBuildFile; fileRef = 760CE90F2ADEB0E600F3749D /* MovementComponent.swift */; };
		766BAE912ADF078500AC3878 /* AnimationComponent.swift in Sources */ = {isa = PBXBuildFile; fileRef = 766BAE902ADF078500AC3878 /* AnimationComponent.swift */; };
		766BAE932AE0492D00AC3878 /* IsGroundComponent.swift in Sources */ = {isa = PBXBuildFile; fileRef = 766BAE922AE0492D00AC3878 /* IsGroundComponent.swift */; };
		766BAE9A2AE056A500AC3878 /* Scenario.sks in Resources */ = {isa = PBXBuildFile; fileRef = 766BAE992AE056A500AC3878 /* Scenario.sks */; };
		766BAE9C2AE0592500AC3878 /* ScenarioEntity.swift in Sources */ = {isa = PBXBuildFile; fileRef = 766BAE9B2AE0592500AC3878 /* ScenarioEntity.swift */; };
		766BAE9E2AE05AD400AC3878 /* ScenarioTileSet.sks in Resources */ = {isa = PBXBuildFile; fileRef = 766BAE9D2AE05AD400AC3878 /* ScenarioTileSet.sks */; };
		76A4D9A82AE05CE300EB98AD /* SKTileNode+Tools.swift in Sources */ = {isa = PBXBuildFile; fileRef = 76A4D9A72AE05CE300EB98AD /* SKTileNode+Tools.swift */; };
		76A4D9AA2AE07D7300EB98AD /* CameraFollowComponent.swift in Sources */ = {isa = PBXBuildFile; fileRef = 76A4D9A92AE07D7300EB98AD /* CameraFollowComponent.swift */; };
		76A4D9AC2AE0815C00EB98AD /* CGPath+Primitives.swift in Sources */ = {isa = PBXBuildFile; fileRef = 76A4D9AB2AE0815C00EB98AD /* CGPath+Primitives.swift */; };
		76A4D9AF2AE1A8F100EB98AD /* TileSetData.swift in Sources */ = {isa = PBXBuildFile; fileRef = 76A4D9AE2AE1A8F100EB98AD /* TileSetData.swift */; };
		76A4D9B12AE1A9F200EB98AD /* LevelData.swift in Sources */ = {isa = PBXBuildFile; fileRef = 76A4D9B02AE1A9F200EB98AD /* LevelData.swift */; };
		76A4D9B42AE1AADC00EB98AD /* Level 1.json in Resources */ = {isa = PBXBuildFile; fileRef = 76A4D9B22AE1AADC00EB98AD /* Level 1.json */; };
		76A4D9B52AE1AADC00EB98AD /* Ground.json in Resources */ = {isa = PBXBuildFile; fileRef = 76A4D9B32AE1AADC00EB98AD /* Ground.json */; };
		76A4D9B72AE1AB0F00EB98AD /* TileSetManager.swift in Sources */ = {isa = PBXBuildFile; fileRef = 76A4D9B62AE1AB0F00EB98AD /* TileSetManager.swift */; };
/* End PBXBuildFile section */

/* Begin PBXFileReference section */
		760CE8B62AD7439900F3749D /* Chiko Liru.app */ = {isa = PBXFileReference; explicitFileType = wrapper.application; includeInIndex = 0; path = "Chiko Liru.app"; sourceTree = BUILT_PRODUCTS_DIR; };
		760CE8B92AD7439900F3749D /* Chiko_LiruApp.swift */ = {isa = PBXFileReference; lastKnownFileType = sourcecode.swift; path = Chiko_LiruApp.swift; sourceTree = "<group>"; };
		760CE8BB2AD7439900F3749D /* ContentView.swift */ = {isa = PBXFileReference; lastKnownFileType = sourcecode.swift; path = ContentView.swift; sourceTree = "<group>"; };
		760CE8BD2AD7439B00F3749D /* Assets.xcassets */ = {isa = PBXFileReference; lastKnownFileType = folder.assetcatalog; path = Assets.xcassets; sourceTree = "<group>"; };
		760CE8C02AD7439B00F3749D /* Preview Assets.xcassets */ = {isa = PBXFileReference; lastKnownFileType = folder.assetcatalog; path = "Preview Assets.xcassets"; sourceTree = "<group>"; };
		760CE8C82AD743DC00F3749D /* GameScene.swift */ = {isa = PBXFileReference; lastKnownFileType = sourcecode.swift; path = GameScene.swift; sourceTree = "<group>"; };
		760CE8ED2ADDBBAC00F3749D /* SKTexture+Array.swift */ = {isa = PBXFileReference; lastKnownFileType = sourcecode.swift; path = "SKTexture+Array.swift"; sourceTree = "<group>"; };
		760CE8F12ADDBE0500F3749D /* SKEntityManager.swift */ = {isa = PBXFileReference; lastKnownFileType = sourcecode.swift; path = SKEntityManager.swift; sourceTree = "<group>"; };
		760CE8F32ADDBEFD00F3749D /* PlayerEntity.swift */ = {isa = PBXFileReference; lastKnownFileType = sourcecode.swift; path = PlayerEntity.swift; sourceTree = "<group>"; };
		760CE8F62ADDC01C00F3749D /* Player Animation States.swift */ = {isa = PBXFileReference; lastKnownFileType = sourcecode.swift; path = "Player Animation States.swift"; sourceTree = "<group>"; };
		760CE8F82ADDC12900F3749D /* StateMachineComponent.swift */ = {isa = PBXFileReference; lastKnownFileType = sourcecode.swift; path = StateMachineComponent.swift; sourceTree = "<group>"; };
		760CE8FA2ADDC1D600F3749D /* PhysicsComponent.swift */ = {isa = PBXFileReference; lastKnownFileType = sourcecode.swift; path = PhysicsComponent.swift; sourceTree = "<group>"; };
		760CE8FC2ADDC28C00F3749D /* JumpComponent.swift */ = {isa = PBXFileReference; lastKnownFileType = sourcecode.swift; path = JumpComponent.swift; sourceTree = "<group>"; };
		760CE8FE2ADDC38C00F3749D /* GroundEntity.swift */ = {isa = PBXFileReference; lastKnownFileType = sourcecode.swift; path = GroundEntity.swift; sourceTree = "<group>"; };
		760CE9032ADEA0C600F3749D /* PlayerInput.swift */ = {isa = PBXFileReference; lastKnownFileType = sourcecode.swift; path = PlayerInput.swift; sourceTree = "<group>"; };
		760CE9062ADEA14700F3749D /* ControlsView.swift */ = {isa = PBXFileReference; lastKnownFileType = sourcecode.swift; path = ControlsView.swift; sourceTree = "<group>"; };
		760CE9082ADEA7F600F3749D /* InputButton.swift */ = {isa = PBXFileReference; lastKnownFileType = sourcecode.swift; path = InputButton.swift; sourceTree = "<group>"; };
		760CE90B2ADEAA0E00F3749D /* PressAction.swift */ = {isa = PBXFileReference; lastKnownFileType = sourcecode.swift; path = PressAction.swift; sourceTree = "<group>"; };
		760CE90D2ADEAB2400F3749D /* View+PressModifier.swift */ = {isa = PBXFileReference; lastKnownFileType = sourcecode.swift; path = "View+PressModifier.swift"; sourceTree = "<group>"; };
		760CE90F2ADEB0E600F3749D /* MovementComponent.swift */ = {isa = PBXFileReference; lastKnownFileType = sourcecode.swift; path = MovementComponent.swift; sourceTree = "<group>"; };
		766BAE902ADF078500AC3878 /* AnimationComponent.swift */ = {isa = PBXFileReference; lastKnownFileType = sourcecode.swift; path = AnimationComponent.swift; sourceTree = "<group>"; };
		766BAE922AE0492D00AC3878 /* IsGroundComponent.swift */ = {isa = PBXFileReference; lastKnownFileType = sourcecode.swift; path = IsGroundComponent.swift; sourceTree = "<group>"; };
		766BAE992AE056A500AC3878 /* Scenario.sks */ = {isa = PBXFileReference; lastKnownFileType = file.sks; path = Scenario.sks; sourceTree = "<group>"; };
		766BAE9B2AE0592500AC3878 /* ScenarioEntity.swift */ = {isa = PBXFileReference; lastKnownFileType = sourcecode.swift; path = ScenarioEntity.swift; sourceTree = "<group>"; };
		766BAE9D2AE05AD400AC3878 /* ScenarioTileSet.sks */ = {isa = PBXFileReference; lastKnownFileType = file.sks; path = ScenarioTileSet.sks; sourceTree = "<group>"; };
		76A4D9A72AE05CE300EB98AD /* SKTileNode+Tools.swift */ = {isa = PBXFileReference; lastKnownFileType = sourcecode.swift; path = "SKTileNode+Tools.swift"; sourceTree = "<group>"; };
		76A4D9A92AE07D7300EB98AD /* CameraFollowComponent.swift */ = {isa = PBXFileReference; lastKnownFileType = sourcecode.swift; path = CameraFollowComponent.swift; sourceTree = "<group>"; };
		76A4D9AB2AE0815C00EB98AD /* CGPath+Primitives.swift */ = {isa = PBXFileReference; lastKnownFileType = sourcecode.swift; path = "CGPath+Primitives.swift"; sourceTree = "<group>"; };
		76A4D9AE2AE1A8F100EB98AD /* TileSetData.swift */ = {isa = PBXFileReference; lastKnownFileType = sourcecode.swift; path = TileSetData.swift; sourceTree = "<group>"; };
		76A4D9B02AE1A9F200EB98AD /* LevelData.swift */ = {isa = PBXFileReference; lastKnownFileType = sourcecode.swift; path = LevelData.swift; sourceTree = "<group>"; };
		76A4D9B22AE1AADC00EB98AD /* Level 1.json */ = {isa = PBXFileReference; fileEncoding = 4; lastKnownFileType = text.json; path = "Level 1.json"; sourceTree = "<group>"; };
		76A4D9B32AE1AADC00EB98AD /* Ground.json */ = {isa = PBXFileReference; fileEncoding = 4; lastKnownFileType = text.json; path = Ground.json; sourceTree = "<group>"; };
		76A4D9B62AE1AB0F00EB98AD /* TileSetManager.swift */ = {isa = PBXFileReference; lastKnownFileType = sourcecode.swift; path = TileSetManager.swift; sourceTree = "<group>"; };
/* End PBXFileReference section */

/* Begin PBXFrameworksBuildPhase section */
		760CE8B32AD7439900F3749D /* Frameworks */ = {
			isa = PBXFrameworksBuildPhase;
			buildActionMask = 2147483647;
			files = (
			);
			runOnlyForDeploymentPostprocessing = 0;
		};
/* End PBXFrameworksBuildPhase section */

/* Begin PBXGroup section */
		760CE8AD2AD7439900F3749D = {
			isa = PBXGroup;
			children = (
				760CE8B82AD7439900F3749D /* Chiko Liru */,
				760CE8B72AD7439900F3749D /* Products */,
			);
			sourceTree = "<group>";
		};
		760CE8B72AD7439900F3749D /* Products */ = {
			isa = PBXGroup;
			children = (
				760CE8B62AD7439900F3749D /* Chiko Liru.app */,
			);
			name = Products;
			sourceTree = "<group>";
		};
		760CE8B82AD7439900F3749D /* Chiko Liru */ = {
			isa = PBXGroup;
			children = (
				766BAE942AE0555400AC3878 /* Assets */,
				760CE90A2ADEA9FB00F3749D /* ViewModifier */,
				760CE9052ADEA13100F3749D /* View */,
				760CE9022ADEA0BA00F3749D /* Model */,
				760CE8F52ADDC00000F3749D /* Animation States */,
				760CE8F02ADDBDF300F3749D /* Components */,
				760CE8EF2ADDBDEA00F3749D /* Entities */,
				760CE8CA2AD7472100F3749D /* Extensions */,
				760CE8C72AD743C800F3749D /* Scenes */,
				760CE8B92AD7439900F3749D /* Chiko_LiruApp.swift */,
				760CE8BF2AD7439B00F3749D /* Preview Content */,
			);
			path = "Chiko Liru";
			sourceTree = "<group>";
		};
		760CE8BF2AD7439B00F3749D /* Preview Content */ = {
			isa = PBXGroup;
			children = (
				760CE8C02AD7439B00F3749D /* Preview Assets.xcassets */,
			);
			path = "Preview Content";
			sourceTree = "<group>";
		};
		760CE8C72AD743C800F3749D /* Scenes */ = {
			isa = PBXGroup;
			children = (
				760CE8C82AD743DC00F3749D /* GameScene.swift */,
				766BAE992AE056A500AC3878 /* Scenario.sks */,
			);
			path = Scenes;
			sourceTree = "<group>";
		};
		760CE8CA2AD7472100F3749D /* Extensions */ = {
			isa = PBXGroup;
			children = (
				760CE8ED2ADDBBAC00F3749D /* SKTexture+Array.swift */,
				760CE90D2ADEAB2400F3749D /* View+PressModifier.swift */,
				76A4D9A72AE05CE300EB98AD /* SKTileNode+Tools.swift */,
				76A4D9AB2AE0815C00EB98AD /* CGPath+Primitives.swift */,
			);
			path = Extensions;
			sourceTree = "<group>";
		};
		760CE8EF2ADDBDEA00F3749D /* Entities */ = {
			isa = PBXGroup;
			children = (
				760CE8F12ADDBE0500F3749D /* SKEntityManager.swift */,
				760CE8F32ADDBEFD00F3749D /* PlayerEntity.swift */,
				760CE8FE2ADDC38C00F3749D /* GroundEntity.swift */,
				766BAE9B2AE0592500AC3878 /* ScenarioEntity.swift */,
			);
			path = Entities;
			sourceTree = "<group>";
		};
		760CE8F02ADDBDF300F3749D /* Components */ = {
			isa = PBXGroup;
			children = (
				760CE8F82ADDC12900F3749D /* StateMachineComponent.swift */,
				760CE8FA2ADDC1D600F3749D /* PhysicsComponent.swift */,
				760CE8FC2ADDC28C00F3749D /* JumpComponent.swift */,
				760CE90F2ADEB0E600F3749D /* MovementComponent.swift */,
				766BAE902ADF078500AC3878 /* AnimationComponent.swift */,
				766BAE922AE0492D00AC3878 /* IsGroundComponent.swift */,
				76A4D9A92AE07D7300EB98AD /* CameraFollowComponent.swift */,
			);
			path = Components;
			sourceTree = "<group>";
		};
		760CE8F52ADDC00000F3749D /* Animation States */ = {
			isa = PBXGroup;
			children = (
				760CE8F62ADDC01C00F3749D /* Player Animation States.swift */,
			);
			path = "Animation States";
			sourceTree = "<group>";
		};
		760CE9022ADEA0BA00F3749D /* Model */ = {
			isa = PBXGroup;
			children = (
				76A4D9AD2AE1A8DA00EB98AD /* Scenario */,
				760CE9032ADEA0C600F3749D /* PlayerInput.swift */,
			);
			path = Model;
			sourceTree = "<group>";
		};
		760CE9052ADEA13100F3749D /* View */ = {
			isa = PBXGroup;
			children = (
				760CE8BB2AD7439900F3749D /* ContentView.swift */,
				760CE9062ADEA14700F3749D /* ControlsView.swift */,
				760CE9082ADEA7F600F3749D /* InputButton.swift */,
			);
			path = View;
			sourceTree = "<group>";
		};
		760CE90A2ADEA9FB00F3749D /* ViewModifier */ = {
			isa = PBXGroup;
			children = (
				760CE90B2ADEAA0E00F3749D /* PressAction.swift */,
			);
			path = ViewModifier;
			sourceTree = "<group>";
		};
		766BAE942AE0555400AC3878 /* Assets */ = {
			isa = PBXGroup;
			children = (
				760CE8BD2AD7439B00F3749D /* Assets.xcassets */,
				766BAE9D2AE05AD400AC3878 /* ScenarioTileSet.sks */,
			);
			path = Assets;
			sourceTree = "<group>";
		};
		76A4D9AD2AE1A8DA00EB98AD /* Scenario */ = {
			isa = PBXGroup;
			children = (
				76A4D9B32AE1AADC00EB98AD /* Ground.json */,
				76A4D9B22AE1AADC00EB98AD /* Level 1.json */,
				76A4D9AE2AE1A8F100EB98AD /* TileSetData.swift */,
				76A4D9B02AE1A9F200EB98AD /* LevelData.swift */,
				76A4D9B62AE1AB0F00EB98AD /* TileSetManager.swift */,
			);
			path = Scenario;
			sourceTree = "<group>";
		};
/* End PBXGroup section */

/* Begin PBXNativeTarget section */
		760CE8B52AD7439900F3749D /* Chiko Liru */ = {
			isa = PBXNativeTarget;
			buildConfigurationList = 760CE8C42AD7439B00F3749D /* Build configuration list for PBXNativeTarget "Chiko Liru" */;
			buildPhases = (
				760CE8B22AD7439900F3749D /* Sources */,
				760CE8B32AD7439900F3749D /* Frameworks */,
				760CE8B42AD7439900F3749D /* Resources */,
			);
			buildRules = (
			);
			dependencies = (
			);
			name = "Chiko Liru";
			productName = "Chiko Liru";
			productReference = 760CE8B62AD7439900F3749D /* Chiko Liru.app */;
			productType = "com.apple.product-type.application";
		};
/* End PBXNativeTarget section */

/* Begin PBXProject section */
		760CE8AE2AD7439900F3749D /* Project object */ = {
			isa = PBXProject;
			attributes = {
				BuildIndependentTargetsInParallel = 1;
				LastSwiftUpdateCheck = 1500;
				LastUpgradeCheck = 1500;
				TargetAttributes = {
					760CE8B52AD7439900F3749D = {
						CreatedOnToolsVersion = 15.0;
					};
				};
			};
			buildConfigurationList = 760CE8B12AD7439900F3749D /* Build configuration list for PBXProject "Chiko Liru" */;
			compatibilityVersion = "Xcode 14.0";
			developmentRegion = en;
			hasScannedForEncodings = 0;
			knownRegions = (
				en,
				Base,
			);
			mainGroup = 760CE8AD2AD7439900F3749D;
			productRefGroup = 760CE8B72AD7439900F3749D /* Products */;
			projectDirPath = "";
			projectRoot = "";
			targets = (
				760CE8B52AD7439900F3749D /* Chiko Liru */,
			);
		};
/* End PBXProject section */

/* Begin PBXResourcesBuildPhase section */
		760CE8B42AD7439900F3749D /* Resources */ = {
			isa = PBXResourcesBuildPhase;
			buildActionMask = 2147483647;
			files = (
				76A4D9B52AE1AADC00EB98AD /* Ground.json in Resources */,
				766BAE9E2AE05AD400AC3878 /* ScenarioTileSet.sks in Resources */,
				76A4D9B42AE1AADC00EB98AD /* Level 1.json in Resources */,
				760CE8C12AD7439B00F3749D /* Preview Assets.xcassets in Resources */,
				760CE8BE2AD7439B00F3749D /* Assets.xcassets in Resources */,
				766BAE9A2AE056A500AC3878 /* Scenario.sks in Resources */,
			);
			runOnlyForDeploymentPostprocessing = 0;
		};
/* End PBXResourcesBuildPhase section */

/* Begin PBXSourcesBuildPhase section */
		760CE8B22AD7439900F3749D /* Sources */ = {
			isa = PBXSourcesBuildPhase;
			buildActionMask = 2147483647;
			files = (
				76A4D9AF2AE1A8F100EB98AD /* TileSetData.swift in Sources */,
				760CE8F72ADDC01D00F3749D /* Player Animation States.swift in Sources */,
				76A4D9B12AE1A9F200EB98AD /* LevelData.swift in Sources */,
				76A4D9AC2AE0815C00EB98AD /* CGPath+Primitives.swift in Sources */,
				766BAE932AE0492D00AC3878 /* IsGroundComponent.swift in Sources */,
				760CE8C92AD743DC00F3749D /* GameScene.swift in Sources */,
				760CE8EE2ADDBBAC00F3749D /* SKTexture+Array.swift in Sources */,
				760CE8BC2AD7439900F3749D /* ContentView.swift in Sources */,
				76A4D9AA2AE07D7300EB98AD /* CameraFollowComponent.swift in Sources */,
				760CE9072ADEA14700F3749D /* ControlsView.swift in Sources */,
				760CE9102ADEB0E600F3749D /* MovementComponent.swift in Sources */,
				760CE90E2ADEAB2400F3749D /* View+PressModifier.swift in Sources */,
				76A4D9B72AE1AB0F00EB98AD /* TileSetManager.swift in Sources */,
				766BAE9C2AE0592500AC3878 /* ScenarioEntity.swift in Sources */,
				76A4D9A82AE05CE300EB98AD /* SKTileNode+Tools.swift in Sources */,
				760CE8FF2ADDC38C00F3749D /* GroundEntity.swift in Sources */,
				760CE90C2ADEAA0E00F3749D /* PressAction.swift in Sources */,
				760CE9092ADEA7F600F3749D /* InputButton.swift in Sources */,
				760CE9042ADEA0C600F3749D /* PlayerInput.swift in Sources */,
				760CE8FB2ADDC1D600F3749D /* PhysicsComponent.swift in Sources */,
				766BAE912ADF078500AC3878 /* AnimationComponent.swift in Sources */,
				760CE8FD2ADDC28C00F3749D /* JumpComponent.swift in Sources */,
				760CE8F42ADDBEFD00F3749D /* PlayerEntity.swift in Sources */,
				760CE8F22ADDBE0500F3749D /* SKEntityManager.swift in Sources */,
				760CE8BA2AD7439900F3749D /* Chiko_LiruApp.swift in Sources */,
				760CE8F92ADDC12900F3749D /* StateMachineComponent.swift in Sources */,
			);
			runOnlyForDeploymentPostprocessing = 0;
		};
/* End PBXSourcesBuildPhase section */

/* Begin XCBuildConfiguration section */
		760CE8C22AD7439B00F3749D /* Debug */ = {
			isa = XCBuildConfiguration;
			buildSettings = {
				ALWAYS_SEARCH_USER_PATHS = NO;
				ASSETCATALOG_COMPILER_GENERATE_SWIFT_ASSET_SYMBOL_EXTENSIONS = YES;
				CLANG_ANALYZER_NONNULL = YES;
				CLANG_ANALYZER_NUMBER_OBJECT_CONVERSION = YES_AGGRESSIVE;
				CLANG_CXX_LANGUAGE_STANDARD = "gnu++20";
				CLANG_ENABLE_MODULES = YES;
				CLANG_ENABLE_OBJC_ARC = YES;
				CLANG_ENABLE_OBJC_WEAK = YES;
				CLANG_WARN_BLOCK_CAPTURE_AUTORELEASING = YES;
				CLANG_WARN_BOOL_CONVERSION = YES;
				CLANG_WARN_COMMA = YES;
				CLANG_WARN_CONSTANT_CONVERSION = YES;
				CLANG_WARN_DEPRECATED_OBJC_IMPLEMENTATIONS = YES;
				CLANG_WARN_DIRECT_OBJC_ISA_USAGE = YES_ERROR;
				CLANG_WARN_DOCUMENTATION_COMMENTS = YES;
				CLANG_WARN_EMPTY_BODY = YES;
				CLANG_WARN_ENUM_CONVERSION = YES;
				CLANG_WARN_INFINITE_RECURSION = YES;
				CLANG_WARN_INT_CONVERSION = YES;
				CLANG_WARN_NON_LITERAL_NULL_CONVERSION = YES;
				CLANG_WARN_OBJC_IMPLICIT_RETAIN_SELF = YES;
				CLANG_WARN_OBJC_LITERAL_CONVERSION = YES;
				CLANG_WARN_OBJC_ROOT_CLASS = YES_ERROR;
				CLANG_WARN_QUOTED_INCLUDE_IN_FRAMEWORK_HEADER = YES;
				CLANG_WARN_RANGE_LOOP_ANALYSIS = YES;
				CLANG_WARN_STRICT_PROTOTYPES = YES;
				CLANG_WARN_SUSPICIOUS_MOVE = YES;
				CLANG_WARN_UNGUARDED_AVAILABILITY = YES_AGGRESSIVE;
				CLANG_WARN_UNREACHABLE_CODE = YES;
				CLANG_WARN__DUPLICATE_METHOD_MATCH = YES;
				COPY_PHASE_STRIP = NO;
				DEBUG_INFORMATION_FORMAT = dwarf;
				ENABLE_STRICT_OBJC_MSGSEND = YES;
				ENABLE_TESTABILITY = YES;
				ENABLE_USER_SCRIPT_SANDBOXING = YES;
				GCC_C_LANGUAGE_STANDARD = gnu17;
				GCC_DYNAMIC_NO_PIC = NO;
				GCC_NO_COMMON_BLOCKS = YES;
				GCC_OPTIMIZATION_LEVEL = 0;
				GCC_PREPROCESSOR_DEFINITIONS = (
					"DEBUG=1",
					"$(inherited)",
				);
				GCC_WARN_64_TO_32_BIT_CONVERSION = YES;
				GCC_WARN_ABOUT_RETURN_TYPE = YES_ERROR;
				GCC_WARN_UNDECLARED_SELECTOR = YES;
				GCC_WARN_UNINITIALIZED_AUTOS = YES_AGGRESSIVE;
				GCC_WARN_UNUSED_FUNCTION = YES;
				GCC_WARN_UNUSED_VARIABLE = YES;
				IPHONEOS_DEPLOYMENT_TARGET = 17.0;
				LOCALIZATION_PREFERS_STRING_CATALOGS = YES;
				MTL_ENABLE_DEBUG_INFO = INCLUDE_SOURCE;
				MTL_FAST_MATH = YES;
				ONLY_ACTIVE_ARCH = YES;
				SDKROOT = iphoneos;
				SWIFT_ACTIVE_COMPILATION_CONDITIONS = "DEBUG $(inherited)";
				SWIFT_OPTIMIZATION_LEVEL = "-Onone";
			};
			name = Debug;
		};
		760CE8C32AD7439B00F3749D /* Release */ = {
			isa = XCBuildConfiguration;
			buildSettings = {
				ALWAYS_SEARCH_USER_PATHS = NO;
				ASSETCATALOG_COMPILER_GENERATE_SWIFT_ASSET_SYMBOL_EXTENSIONS = YES;
				CLANG_ANALYZER_NONNULL = YES;
				CLANG_ANALYZER_NUMBER_OBJECT_CONVERSION = YES_AGGRESSIVE;
				CLANG_CXX_LANGUAGE_STANDARD = "gnu++20";
				CLANG_ENABLE_MODULES = YES;
				CLANG_ENABLE_OBJC_ARC = YES;
				CLANG_ENABLE_OBJC_WEAK = YES;
				CLANG_WARN_BLOCK_CAPTURE_AUTORELEASING = YES;
				CLANG_WARN_BOOL_CONVERSION = YES;
				CLANG_WARN_COMMA = YES;
				CLANG_WARN_CONSTANT_CONVERSION = YES;
				CLANG_WARN_DEPRECATED_OBJC_IMPLEMENTATIONS = YES;
				CLANG_WARN_DIRECT_OBJC_ISA_USAGE = YES_ERROR;
				CLANG_WARN_DOCUMENTATION_COMMENTS = YES;
				CLANG_WARN_EMPTY_BODY = YES;
				CLANG_WARN_ENUM_CONVERSION = YES;
				CLANG_WARN_INFINITE_RECURSION = YES;
				CLANG_WARN_INT_CONVERSION = YES;
				CLANG_WARN_NON_LITERAL_NULL_CONVERSION = YES;
				CLANG_WARN_OBJC_IMPLICIT_RETAIN_SELF = YES;
				CLANG_WARN_OBJC_LITERAL_CONVERSION = YES;
				CLANG_WARN_OBJC_ROOT_CLASS = YES_ERROR;
				CLANG_WARN_QUOTED_INCLUDE_IN_FRAMEWORK_HEADER = YES;
				CLANG_WARN_RANGE_LOOP_ANALYSIS = YES;
				CLANG_WARN_STRICT_PROTOTYPES = YES;
				CLANG_WARN_SUSPICIOUS_MOVE = YES;
				CLANG_WARN_UNGUARDED_AVAILABILITY = YES_AGGRESSIVE;
				CLANG_WARN_UNREACHABLE_CODE = YES;
				CLANG_WARN__DUPLICATE_METHOD_MATCH = YES;
				COPY_PHASE_STRIP = NO;
				DEBUG_INFORMATION_FORMAT = "dwarf-with-dsym";
				ENABLE_NS_ASSERTIONS = NO;
				ENABLE_STRICT_OBJC_MSGSEND = YES;
				ENABLE_USER_SCRIPT_SANDBOXING = YES;
				GCC_C_LANGUAGE_STANDARD = gnu17;
				GCC_NO_COMMON_BLOCKS = YES;
				GCC_WARN_64_TO_32_BIT_CONVERSION = YES;
				GCC_WARN_ABOUT_RETURN_TYPE = YES_ERROR;
				GCC_WARN_UNDECLARED_SELECTOR = YES;
				GCC_WARN_UNINITIALIZED_AUTOS = YES_AGGRESSIVE;
				GCC_WARN_UNUSED_FUNCTION = YES;
				GCC_WARN_UNUSED_VARIABLE = YES;
				IPHONEOS_DEPLOYMENT_TARGET = 17.0;
				LOCALIZATION_PREFERS_STRING_CATALOGS = YES;
				MTL_ENABLE_DEBUG_INFO = NO;
				MTL_FAST_MATH = YES;
				SDKROOT = iphoneos;
				SWIFT_COMPILATION_MODE = wholemodule;
				VALIDATE_PRODUCT = YES;
			};
			name = Release;
		};
		760CE8C52AD7439B00F3749D /* Debug */ = {
			isa = XCBuildConfiguration;
			buildSettings = {
				ASSETCATALOG_COMPILER_APPICON_NAME = AppIcon;
				ASSETCATALOG_COMPILER_GLOBAL_ACCENT_COLOR_NAME = AccentColor;
				CODE_SIGN_STYLE = Automatic;
				CURRENT_PROJECT_VERSION = 1;
				DEVELOPMENT_ASSET_PATHS = "\"Chiko Liru/Preview Content\"";
				DEVELOPMENT_TEAM = BD3VK3HR67;
				ENABLE_PREVIEWS = YES;
				GENERATE_INFOPLIST_FILE = YES;
				INFOPLIST_KEY_UIApplicationSceneManifest_Generation = YES;
				INFOPLIST_KEY_UIApplicationSupportsIndirectInputEvents = YES;
				INFOPLIST_KEY_UILaunchScreen_Generation = YES;
				INFOPLIST_KEY_UISupportedInterfaceOrientations = "UIInterfaceOrientationLandscapeLeft UIInterfaceOrientationLandscapeRight";
				LD_RUNPATH_SEARCH_PATHS = (
					"$(inherited)",
					"@executable_path/Frameworks",
				);
				MARKETING_VERSION = 1.0;
				PRODUCT_BUNDLE_IDENTIFIER = "br.com.behindPixelLab.Chiko-Liru";
				PRODUCT_NAME = "$(TARGET_NAME)";
				SWIFT_EMIT_LOC_STRINGS = YES;
				SWIFT_VERSION = 5.0;
				TARGETED_DEVICE_FAMILY = "1,2";
			};
			name = Debug;
		};
		760CE8C62AD7439B00F3749D /* Release */ = {
			isa = XCBuildConfiguration;
			buildSettings = {
				ASSETCATALOG_COMPILER_APPICON_NAME = AppIcon;
				ASSETCATALOG_COMPILER_GLOBAL_ACCENT_COLOR_NAME = AccentColor;
				CODE_SIGN_STYLE = Automatic;
				CURRENT_PROJECT_VERSION = 1;
				DEVELOPMENT_ASSET_PATHS = "\"Chiko Liru/Preview Content\"";
				DEVELOPMENT_TEAM = BD3VK3HR67;
				ENABLE_PREVIEWS = YES;
				GENERATE_INFOPLIST_FILE = YES;
				INFOPLIST_KEY_UIApplicationSceneManifest_Generation = YES;
				INFOPLIST_KEY_UIApplicationSupportsIndirectInputEvents = YES;
				INFOPLIST_KEY_UILaunchScreen_Generation = YES;
				INFOPLIST_KEY_UISupportedInterfaceOrientations = "UIInterfaceOrientationLandscapeLeft UIInterfaceOrientationLandscapeRight";
				LD_RUNPATH_SEARCH_PATHS = (
					"$(inherited)",
					"@executable_path/Frameworks",
				);
				MARKETING_VERSION = 1.0;
				PRODUCT_BUNDLE_IDENTIFIER = "br.com.behindPixelLab.Chiko-Liru";
				PRODUCT_NAME = "$(TARGET_NAME)";
				SWIFT_EMIT_LOC_STRINGS = YES;
				SWIFT_VERSION = 5.0;
				TARGETED_DEVICE_FAMILY = "1,2";
			};
			name = Release;
		};
/* End XCBuildConfiguration section */

/* Begin XCConfigurationList section */
		760CE8B12AD7439900F3749D /* Build configuration list for PBXProject "Chiko Liru" */ = {
			isa = XCConfigurationList;
			buildConfigurations = (
				760CE8C22AD7439B00F3749D /* Debug */,
				760CE8C32AD7439B00F3749D /* Release */,
			);
			defaultConfigurationIsVisible = 0;
			defaultConfigurationName = Release;
		};
		760CE8C42AD7439B00F3749D /* Build configuration list for PBXNativeTarget "Chiko Liru" */ = {
			isa = XCConfigurationList;
			buildConfigurations = (
				760CE8C52AD7439B00F3749D /* Debug */,
				760CE8C62AD7439B00F3749D /* Release */,
			);
			defaultConfigurationIsVisible = 0;
			defaultConfigurationName = Release;
		};
/* End XCConfigurationList section */
	};
	rootObject = 760CE8AE2AD7439900F3749D /* Project object */;
}
